github.com/gorilla/websocket v1.4.1 h1:q7AeDBpnBk8AogcD4DSag/Ukw/KV+YhzLj2bP5HvKCM=
github.com/gorilla/websocket v1.4.1/go.mod h1:YR8l580nyteQvAITg2hZ9XVh4b55+EU/adAjf1fMHhE=
github.com/i-johnxz/go-study v0.0.0-20190802090806-07257c85cc70 h1:NGZvWeDglPaV8lXiCmLX2o7rfjlboyfOV8Fc4J44QR4=
github.com/i-johnxz/go-study v0.0.0-20190802090806-07257c85cc70/go.mod h1:XAqXpiPz62uxvD0S5j+JRY/rzDlJLo0QHTQDVLmacZ0=
