github.com/gorilla/websocket v1.4.0 h1:WDFjx/TMzVgy9VdMMQi2K2Emtwi2QcUQsztZ/zLaH/Q=
github.com/gorilla/websocket v1.4.0/go.mod h1:E7qHFY5m1UJ88s3WnNqhKjPHQ0heANvMoAMk2YaljkQ=
github.com/i-johnxz/go-study v0.0.0-20190802090806-07257c85cc70 h1:NGZvWeDglPaV8lXiCmLX2o7rfjlboyfOV8Fc4J44QR4=
github.com/i-johnxz/go-study v0.0.0-20190802090806-07257c85cc70/go.mod h1:XAqXpiPz62uxvD0S5j+JRY/rzDlJLo0QHTQDVLmacZ0=
